
Microsoft Visual Studio Solution File, Format Version 12.00
# Visual Studio Version 16
VisualStudioVersion = 16.0.31410.357
MinimumVisualStudioVersion = 10.0.40219.1
Project("{9A19103F-16F7-4668-BE54-9A1E7A4F7556}") = "BookListRazor", "BookListRazor.csproj", "{9074E195-C33C-49BF-8127-F3BC3E2BEE54}"
EndProject
Global
	GlobalSection(SolutionConfigurationPlatforms) = preSolution
		Debug|Any CPU = Debug|Any CPU
		Release|Any CPU = Release|Any CPU
	EndGlobalSection
	GlobalSection(ProjectConfigurationPlatforms) = postSolution
		{9074E195-C33C-49BF-8127-F3BC3E2BEE54}.Debug|Any CPU.ActiveCfg = Debug|Any CPU
		{9074E195-C33C-49BF-8127-F3BC3E2BEE54}.Debug|Any CPU.Build.0 = Debug|Any CPU
		{9074E195-C33C-49BF-8127-F3BC3E2BEE54}.Release|Any CPU.ActiveCfg = Release|Any CPU
		{9074E195-C33C-49BF-8127-F3BC3E2BEE54}.Release|Any CPU.Build.0 = Release|Any CPU
	EndGlobalSection
	GlobalSection(SolutionProperties) = preSolution
		HideSolutionNode = FALSE
	EndGlobalSection
	GlobalSection(ExtensibilityGlobals) = postSolution
		SolutionGuid = {AE7B5E65-7FD3-4C2A-8B98-C1FA1AB6CF65}
	EndGlobalSection
EndGlobal
